
Microsoft Visual Studio Solution File, Format Version 12.00
# Visual Studio Version 16
VisualStudioVersion = 16.0.34601.136
MinimumVisualStudioVersion = 10.0.40219.1
Project("{FAE04EC0-301F-11D3-BF4B-00C04F79EFBC}") = "figurasgeometricas", "figurasgeometricas.csproj", "{06EF2959-0504-4D38-83CB-AA08D02A93BD}"
EndProject
Global
	GlobalSection(SolutionConfigurationPlatforms) = preSolution
		Debug|Any CPU = Debug|Any CPU
		Release|Any CPU = Release|Any CPU
	EndGlobalSection
	GlobalSection(ProjectConfigurationPlatforms) = postSolution
		{06EF2959-0504-4D38-83CB-AA08D02A93BD}.Debug|Any CPU.ActiveCfg = Debug|Any CPU
		{06EF2959-0504-4D38-83CB-AA08D02A93BD}.Debug|Any CPU.Build.0 = Debug|Any CPU
		{06EF2959-0504-4D38-83CB-AA08D02A93BD}.Release|Any CPU.ActiveCfg = Release|Any CPU
		{06EF2959-0504-4D38-83CB-AA08D02A93BD}.Release|Any CPU.Build.0 = Release|Any CPU
	EndGlobalSection
	GlobalSection(SolutionProperties) = preSolution
		HideSolutionNode = FALSE
	EndGlobalSection
	GlobalSection(ExtensibilityGlobals) = postSolution
		SolutionGuid = {FB344BBD-3629-470D-852F-3E71A5227B5D}
	EndGlobalSection
EndGlobal
